
Microsoft Visual Studio Solution File, Format Version 12.00
# Visual Studio Version 16
VisualStudioVersion = 16.0.30114.105
MinimumVisualStudioVersion = 10.0.40219.1
Project("{9A19103F-16F7-4668-BE54-9A1E7A4F7556}") = "TSK", "TSK\TSK.csproj", "{EA9154AF-E625-44C4-85CD-BF6F93C11646}"
EndProject
Project("{9A19103F-16F7-4668-BE54-9A1E7A4F7556}") = "TSK.Tests", "TSK.Tests\TSK.Tests.csproj", "{638E21AF-442E-400A-9E4D-97E87C8826B9}"
EndProject
Project("{9A19103F-16F7-4668-BE54-9A1E7A4F7556}") = "Core", "..\core\Core\Core.csproj", "{0107444C-FD3E-4B5D-93A5-FA4E3EA3CF44}"
EndProject
Global
	GlobalSection(SolutionConfigurationPlatforms) = preSolution
		Debug|Any CPU = Debug|Any CPU
		Release|Any CPU = Release|Any CPU
	EndGlobalSection
	GlobalSection(ProjectConfigurationPlatforms) = postSolution
		{EA9154AF-E625-44C4-85CD-BF6F93C11646}.Debug|Any CPU.ActiveCfg = Debug|Any CPU
		{EA9154AF-E625-44C4-85CD-BF6F93C11646}.Debug|Any CPU.Build.0 = Debug|Any CPU
		{EA9154AF-E625-44C4-85CD-BF6F93C11646}.Release|Any CPU.ActiveCfg = Release|Any CPU
		{EA9154AF-E625-44C4-85CD-BF6F93C11646}.Release|Any CPU.Build.0 = Release|Any CPU
		{638E21AF-442E-400A-9E4D-97E87C8826B9}.Debug|Any CPU.ActiveCfg = Debug|Any CPU
		{638E21AF-442E-400A-9E4D-97E87C8826B9}.Debug|Any CPU.Build.0 = Debug|Any CPU
		{638E21AF-442E-400A-9E4D-97E87C8826B9}.Release|Any CPU.ActiveCfg = Release|Any CPU
		{638E21AF-442E-400A-9E4D-97E87C8826B9}.Release|Any CPU.Build.0 = Release|Any CPU
		{0107444C-FD3E-4B5D-93A5-FA4E3EA3CF44}.Debug|Any CPU.ActiveCfg = Debug|Any CPU
		{0107444C-FD3E-4B5D-93A5-FA4E3EA3CF44}.Debug|Any CPU.Build.0 = Debug|Any CPU
		{0107444C-FD3E-4B5D-93A5-FA4E3EA3CF44}.Release|Any CPU.ActiveCfg = Release|Any CPU
		{0107444C-FD3E-4B5D-93A5-FA4E3EA3CF44}.Release|Any CPU.Build.0 = Release|Any CPU
	EndGlobalSection
	GlobalSection(SolutionProperties) = preSolution
		HideSolutionNode = FALSE
	EndGlobalSection
	GlobalSection(ExtensibilityGlobals) = postSolution
		SolutionGuid = {D882B1CA-D795-437F-B214-A33976C6F078}
	EndGlobalSection
EndGlobal
